
Microsoft Visual Studio Solution File, Format Version 12.00
# Visual Studio Version 17
VisualStudioVersion = 17.5.33530.505
MinimumVisualStudioVersion = 10.0.40219.1
Project("{FAE04EC0-301F-11D3-BF4B-00C04F79EFBC}") = "Singleton", "Singleton\Singleton.csproj", "{AAC2E622-EBB8-4E3F-AFA9-973125489FF8}"
EndProject
Project("{FAE04EC0-301F-11D3-BF4B-00C04F79EFBC}") = "Prototype Shallow", "Prototype Shallow\Prototype Shallow.csproj", "{7AC558DA-4A5B-4CEF-BDAB-7938CCECB2F1}"
EndProject
Global
	GlobalSection(SolutionConfigurationPlatforms) = preSolution
		Debug|Any CPU = Debug|Any CPU
		Release|Any CPU = Release|Any CPU
	EndGlobalSection
	GlobalSection(ProjectConfigurationPlatforms) = postSolution
		{AAC2E622-EBB8-4E3F-AFA9-973125489FF8}.Debug|Any CPU.ActiveCfg = Debug|Any CPU
		{AAC2E622-EBB8-4E3F-AFA9-973125489FF8}.Debug|Any CPU.Build.0 = Debug|Any CPU
		{AAC2E622-EBB8-4E3F-AFA9-973125489FF8}.Release|Any CPU.ActiveCfg = Release|Any CPU
		{AAC2E622-EBB8-4E3F-AFA9-973125489FF8}.Release|Any CPU.Build.0 = Release|Any CPU
		{7AC558DA-4A5B-4CEF-BDAB-7938CCECB2F1}.Debug|Any CPU.ActiveCfg = Debug|Any CPU
		{7AC558DA-4A5B-4CEF-BDAB-7938CCECB2F1}.Debug|Any CPU.Build.0 = Debug|Any CPU
		{7AC558DA-4A5B-4CEF-BDAB-7938CCECB2F1}.Release|Any CPU.ActiveCfg = Release|Any CPU
		{7AC558DA-4A5B-4CEF-BDAB-7938CCECB2F1}.Release|Any CPU.Build.0 = Release|Any CPU
	EndGlobalSection
	GlobalSection(SolutionProperties) = preSolution
		HideSolutionNode = FALSE
	EndGlobalSection
	GlobalSection(ExtensibilityGlobals) = postSolution
		SolutionGuid = {8DFE6712-83D5-439B-878A-4BE96F0EE879}
	EndGlobalSection
EndGlobal
